
Microsoft Visual Studio Solution File, Format Version 12.00
# Visual Studio Version 17
VisualStudioVersion = 17.14.37216.2 d17.14
MinimumVisualStudioVersion = 10.0.40219.1
Project("{FAE04EC0-301F-11D3-BF4B-00C04F79EFBC}") = "CondStateExample", "CondStateExample\CondStateExample.csproj", "{EFBE0BAF-7231-4CD3-95B4-03CFAB6FED33}"
EndProject
Global
	GlobalSection(SolutionConfigurationPlatforms) = preSolution
		Debug|Any CPU = Debug|Any CPU
		Release|Any CPU = Release|Any CPU
	EndGlobalSection
	GlobalSection(ProjectConfigurationPlatforms) = postSolution
		{EFBE0BAF-7231-4CD3-95B4-03CFAB6FED33}.Debug|Any CPU.ActiveCfg = Debug|Any CPU
		{EFBE0BAF-7231-4CD3-95B4-03CFAB6FED33}.Debug|Any CPU.Build.0 = Debug|Any CPU
		{EFBE0BAF-7231-4CD3-95B4-03CFAB6FED33}.Release|Any CPU.ActiveCfg = Release|Any CPU
		{EFBE0BAF-7231-4CD3-95B4-03CFAB6FED33}.Release|Any CPU.Build.0 = Release|Any CPU
	EndGlobalSection
	GlobalSection(SolutionProperties) = preSolution
		HideSolutionNode = FALSE
	EndGlobalSection
	GlobalSection(ExtensibilityGlobals) = postSolution
		SolutionGuid = {40586C23-D552-4257-B265-53F957FD2046}
	EndGlobalSection
EndGlobal
