
Microsoft Visual Studio Solution File, Format Version 12.00
# Visual Studio Version 17
VisualStudioVersion = 17.14.37216.2 d17.14
MinimumVisualStudioVersion = 10.0.40219.1
Project("{FAE04EC0-301F-11D3-BF4B-00C04F79EFBC}") = "HierarchicalInheritanceExample", "HierarchicalInheritanceExample\HierarchicalInheritanceExample.csproj", "{F2833FD9-563F-452B-831C-3AF999445728}"
EndProject
Global
	GlobalSection(SolutionConfigurationPlatforms) = preSolution
		Debug|Any CPU = Debug|Any CPU
		Release|Any CPU = Release|Any CPU
	EndGlobalSection
	GlobalSection(ProjectConfigurationPlatforms) = postSolution
		{F2833FD9-563F-452B-831C-3AF999445728}.Debug|Any CPU.ActiveCfg = Debug|Any CPU
		{F2833FD9-563F-452B-831C-3AF999445728}.Debug|Any CPU.Build.0 = Debug|Any CPU
		{F2833FD9-563F-452B-831C-3AF999445728}.Release|Any CPU.ActiveCfg = Release|Any CPU
		{F2833FD9-563F-452B-831C-3AF999445728}.Release|Any CPU.Build.0 = Release|Any CPU
	EndGlobalSection
	GlobalSection(SolutionProperties) = preSolution
		HideSolutionNode = FALSE
	EndGlobalSection
	GlobalSection(ExtensibilityGlobals) = postSolution
		SolutionGuid = {C19A2D22-A680-4605-AF77-5FB3A2EDC23B}
	EndGlobalSection
EndGlobal
