
Microsoft Visual Studio Solution File, Format Version 12.00
# Visual Studio Version 17
VisualStudioVersion = 17.14.37216.2 d17.14
MinimumVisualStudioVersion = 10.0.40219.1
Project("{FAE04EC0-301F-11D3-BF4B-00C04F79EFBC}") = "Palindrome", "Palindrome\Palindrome.csproj", "{1433D82A-0A19-4E6D-AD74-7C7C3C7FFF94}"
EndProject
Global
	GlobalSection(SolutionConfigurationPlatforms) = preSolution
		Debug|Any CPU = Debug|Any CPU
		Release|Any CPU = Release|Any CPU
	EndGlobalSection
	GlobalSection(ProjectConfigurationPlatforms) = postSolution
		{1433D82A-0A19-4E6D-AD74-7C7C3C7FFF94}.Debug|Any CPU.ActiveCfg = Debug|Any CPU
		{1433D82A-0A19-4E6D-AD74-7C7C3C7FFF94}.Debug|Any CPU.Build.0 = Debug|Any CPU
		{1433D82A-0A19-4E6D-AD74-7C7C3C7FFF94}.Release|Any CPU.ActiveCfg = Release|Any CPU
		{1433D82A-0A19-4E6D-AD74-7C7C3C7FFF94}.Release|Any CPU.Build.0 = Release|Any CPU
	EndGlobalSection
	GlobalSection(SolutionProperties) = preSolution
		HideSolutionNode = FALSE
	EndGlobalSection
	GlobalSection(ExtensibilityGlobals) = postSolution
		SolutionGuid = {1E8DAFAA-B2A2-4734-A23B-931144DE2FFB}
	EndGlobalSection
EndGlobal
