
Microsoft Visual Studio Solution File, Format Version 12.00
# Visual Studio Version 17
VisualStudioVersion = 17.14.37216.2 d17.14
MinimumVisualStudioVersion = 10.0.40219.1
Project("{FAE04EC0-301F-11D3-BF4B-00C04F79EFBC}") = "ListExample", "ListExample\ListExample.csproj", "{D79B5698-D861-44B8-8F7E-BF4F912DF038}"
EndProject
Global
	GlobalSection(SolutionConfigurationPlatforms) = preSolution
		Debug|Any CPU = Debug|Any CPU
		Release|Any CPU = Release|Any CPU
	EndGlobalSection
	GlobalSection(ProjectConfigurationPlatforms) = postSolution
		{D79B5698-D861-44B8-8F7E-BF4F912DF038}.Debug|Any CPU.ActiveCfg = Debug|Any CPU
		{D79B5698-D861-44B8-8F7E-BF4F912DF038}.Debug|Any CPU.Build.0 = Debug|Any CPU
		{D79B5698-D861-44B8-8F7E-BF4F912DF038}.Release|Any CPU.ActiveCfg = Release|Any CPU
		{D79B5698-D861-44B8-8F7E-BF4F912DF038}.Release|Any CPU.Build.0 = Release|Any CPU
	EndGlobalSection
	GlobalSection(SolutionProperties) = preSolution
		HideSolutionNode = FALSE
	EndGlobalSection
	GlobalSection(ExtensibilityGlobals) = postSolution
		SolutionGuid = {A9A0FCE1-40CA-4489-BB99-F6BF3AB7DD55}
	EndGlobalSection
EndGlobal
