
Microsoft Visual Studio Solution File, Format Version 12.00
# Visual Studio Version 17
VisualStudioVersion = 17.14.37216.2 d17.14
MinimumVisualStudioVersion = 10.0.40219.1
Project("{FAE04EC0-301F-11D3-BF4B-00C04F79EFBC}") = "ProtectedExample", "ProtectedExample\ProtectedExample.csproj", "{5DBCDD90-45DE-467E-B2D9-E143A6315989}"
EndProject
Global
	GlobalSection(SolutionConfigurationPlatforms) = preSolution
		Debug|Any CPU = Debug|Any CPU
		Release|Any CPU = Release|Any CPU
	EndGlobalSection
	GlobalSection(ProjectConfigurationPlatforms) = postSolution
		{5DBCDD90-45DE-467E-B2D9-E143A6315989}.Debug|Any CPU.ActiveCfg = Debug|Any CPU
		{5DBCDD90-45DE-467E-B2D9-E143A6315989}.Debug|Any CPU.Build.0 = Debug|Any CPU
		{5DBCDD90-45DE-467E-B2D9-E143A6315989}.Release|Any CPU.ActiveCfg = Release|Any CPU
		{5DBCDD90-45DE-467E-B2D9-E143A6315989}.Release|Any CPU.Build.0 = Release|Any CPU
	EndGlobalSection
	GlobalSection(SolutionProperties) = preSolution
		HideSolutionNode = FALSE
	EndGlobalSection
	GlobalSection(ExtensibilityGlobals) = postSolution
		SolutionGuid = {A7667224-5C29-4F5C-A2A6-A5BF554718FE}
	EndGlobalSection
EndGlobal
