
Microsoft Visual Studio Solution File, Format Version 12.00
# Visual Studio Version 17
VisualStudioVersion = 17.14.37216.2 d17.14
MinimumVisualStudioVersion = 10.0.40219.1
Project("{FAE04EC0-301F-11D3-BF4B-00C04F79EFBC}") = "ListMaxNoExample", "ListMaxNoExample\ListMaxNoExample.csproj", "{EDA841C0-30D9-423D-93C5-57304EB6423C}"
EndProject
Global
	GlobalSection(SolutionConfigurationPlatforms) = preSolution
		Debug|Any CPU = Debug|Any CPU
		Release|Any CPU = Release|Any CPU
	EndGlobalSection
	GlobalSection(ProjectConfigurationPlatforms) = postSolution
		{EDA841C0-30D9-423D-93C5-57304EB6423C}.Debug|Any CPU.ActiveCfg = Debug|Any CPU
		{EDA841C0-30D9-423D-93C5-57304EB6423C}.Debug|Any CPU.Build.0 = Debug|Any CPU
		{EDA841C0-30D9-423D-93C5-57304EB6423C}.Release|Any CPU.ActiveCfg = Release|Any CPU
		{EDA841C0-30D9-423D-93C5-57304EB6423C}.Release|Any CPU.Build.0 = Release|Any CPU
	EndGlobalSection
	GlobalSection(SolutionProperties) = preSolution
		HideSolutionNode = FALSE
	EndGlobalSection
	GlobalSection(ExtensibilityGlobals) = postSolution
		SolutionGuid = {718AA15A-75AB-4BA7-8976-F42BBAF69ECD}
	EndGlobalSection
EndGlobal
