
Microsoft Visual Studio Solution File, Format Version 12.00
# Visual Studio Version 17
VisualStudioVersion = 17.14.37216.2 d17.14
MinimumVisualStudioVersion = 10.0.40219.1
Project("{FAE04EC0-301F-11D3-BF4B-00C04F79EFBC}") = "SwitchStmtExample", "SwitchStmtExample\SwitchStmtExample.csproj", "{F4EDA469-C2B2-405D-8188-42E9EC226B0E}"
EndProject
Global
	GlobalSection(SolutionConfigurationPlatforms) = preSolution
		Debug|Any CPU = Debug|Any CPU
		Release|Any CPU = Release|Any CPU
	EndGlobalSection
	GlobalSection(ProjectConfigurationPlatforms) = postSolution
		{F4EDA469-C2B2-405D-8188-42E9EC226B0E}.Debug|Any CPU.ActiveCfg = Debug|Any CPU
		{F4EDA469-C2B2-405D-8188-42E9EC226B0E}.Debug|Any CPU.Build.0 = Debug|Any CPU
		{F4EDA469-C2B2-405D-8188-42E9EC226B0E}.Release|Any CPU.ActiveCfg = Release|Any CPU
		{F4EDA469-C2B2-405D-8188-42E9EC226B0E}.Release|Any CPU.Build.0 = Release|Any CPU
	EndGlobalSection
	GlobalSection(SolutionProperties) = preSolution
		HideSolutionNode = FALSE
	EndGlobalSection
	GlobalSection(ExtensibilityGlobals) = postSolution
		SolutionGuid = {FDEAF295-C240-4A89-BF1A-95E67BA80215}
	EndGlobalSection
EndGlobal
