
Microsoft Visual Studio Solution File, Format Version 12.00
# Visual Studio Version 17
VisualStudioVersion = 17.14.37216.2 d17.14
MinimumVisualStudioVersion = 10.0.40219.1
Project("{FAE04EC0-301F-11D3-BF4B-00C04F79EFBC}") = "BreakStatement", "BreakStatement\BreakStatement.csproj", "{F1C91594-786F-43D1-B3C1-4FC5BDC92B01}"
EndProject
Global
	GlobalSection(SolutionConfigurationPlatforms) = preSolution
		Debug|Any CPU = Debug|Any CPU
		Release|Any CPU = Release|Any CPU
	EndGlobalSection
	GlobalSection(ProjectConfigurationPlatforms) = postSolution
		{F1C91594-786F-43D1-B3C1-4FC5BDC92B01}.Debug|Any CPU.ActiveCfg = Debug|Any CPU
		{F1C91594-786F-43D1-B3C1-4FC5BDC92B01}.Debug|Any CPU.Build.0 = Debug|Any CPU
		{F1C91594-786F-43D1-B3C1-4FC5BDC92B01}.Release|Any CPU.ActiveCfg = Release|Any CPU
		{F1C91594-786F-43D1-B3C1-4FC5BDC92B01}.Release|Any CPU.Build.0 = Release|Any CPU
	EndGlobalSection
	GlobalSection(SolutionProperties) = preSolution
		HideSolutionNode = FALSE
	EndGlobalSection
	GlobalSection(ExtensibilityGlobals) = postSolution
		SolutionGuid = {E72492E1-B6AC-4A55-A0D8-52B9958A0A73}
	EndGlobalSection
EndGlobal
