
Microsoft Visual Studio Solution File, Format Version 12.00
# Visual Studio Version 17
VisualStudioVersion = 17.14.37216.2 d17.14
MinimumVisualStudioVersion = 10.0.40219.1
Project("{FAE04EC0-301F-11D3-BF4B-00C04F79EFBC}") = "DelegateExample", "DelegateExample\DelegateExample.csproj", "{A5430FB9-38FE-409B-81F4-70F206DF7A40}"
EndProject
Global
	GlobalSection(SolutionConfigurationPlatforms) = preSolution
		Debug|Any CPU = Debug|Any CPU
		Release|Any CPU = Release|Any CPU
	EndGlobalSection
	GlobalSection(ProjectConfigurationPlatforms) = postSolution
		{A5430FB9-38FE-409B-81F4-70F206DF7A40}.Debug|Any CPU.ActiveCfg = Debug|Any CPU
		{A5430FB9-38FE-409B-81F4-70F206DF7A40}.Debug|Any CPU.Build.0 = Debug|Any CPU
		{A5430FB9-38FE-409B-81F4-70F206DF7A40}.Release|Any CPU.ActiveCfg = Release|Any CPU
		{A5430FB9-38FE-409B-81F4-70F206DF7A40}.Release|Any CPU.Build.0 = Release|Any CPU
	EndGlobalSection
	GlobalSection(SolutionProperties) = preSolution
		HideSolutionNode = FALSE
	EndGlobalSection
	GlobalSection(ExtensibilityGlobals) = postSolution
		SolutionGuid = {97A19A44-CFBF-4F16-BD54-1976C43432F3}
	EndGlobalSection
EndGlobal
