
Microsoft Visual Studio Solution File, Format Version 12.00
# Visual Studio Version 17
VisualStudioVersion = 17.14.37216.2 d17.14
MinimumVisualStudioVersion = 10.0.40219.1
Project("{FAE04EC0-301F-11D3-BF4B-00C04F79EFBC}") = "MyStatic", "MyStatic\MyStatic.csproj", "{49A3ED83-2A1A-4B17-AF27-BA3346DD2F6C}"
EndProject
Global
	GlobalSection(SolutionConfigurationPlatforms) = preSolution
		Debug|Any CPU = Debug|Any CPU
		Release|Any CPU = Release|Any CPU
	EndGlobalSection
	GlobalSection(ProjectConfigurationPlatforms) = postSolution
		{49A3ED83-2A1A-4B17-AF27-BA3346DD2F6C}.Debug|Any CPU.ActiveCfg = Debug|Any CPU
		{49A3ED83-2A1A-4B17-AF27-BA3346DD2F6C}.Debug|Any CPU.Build.0 = Debug|Any CPU
		{49A3ED83-2A1A-4B17-AF27-BA3346DD2F6C}.Release|Any CPU.ActiveCfg = Release|Any CPU
		{49A3ED83-2A1A-4B17-AF27-BA3346DD2F6C}.Release|Any CPU.Build.0 = Release|Any CPU
	EndGlobalSection
	GlobalSection(SolutionProperties) = preSolution
		HideSolutionNode = FALSE
	EndGlobalSection
	GlobalSection(ExtensibilityGlobals) = postSolution
		SolutionGuid = {2F0DE450-DD06-48F2-B6A0-957F28A83E97}
	EndGlobalSection
EndGlobal
