
Microsoft Visual Studio Solution File, Format Version 12.00
# Visual Studio Version 17
VisualStudioVersion = 17.14.37216.2 d17.14
MinimumVisualStudioVersion = 10.0.40219.1
Project("{FAE04EC0-301F-11D3-BF4B-00C04F79EFBC}") = "ReverseNumber2", "ReverseNumber2\ReverseNumber2.csproj", "{1373ED7A-A26E-4D98-A552-CDDDB9B1BED0}"
EndProject
Global
	GlobalSection(SolutionConfigurationPlatforms) = preSolution
		Debug|Any CPU = Debug|Any CPU
		Release|Any CPU = Release|Any CPU
	EndGlobalSection
	GlobalSection(ProjectConfigurationPlatforms) = postSolution
		{1373ED7A-A26E-4D98-A552-CDDDB9B1BED0}.Debug|Any CPU.ActiveCfg = Debug|Any CPU
		{1373ED7A-A26E-4D98-A552-CDDDB9B1BED0}.Debug|Any CPU.Build.0 = Debug|Any CPU
		{1373ED7A-A26E-4D98-A552-CDDDB9B1BED0}.Release|Any CPU.ActiveCfg = Release|Any CPU
		{1373ED7A-A26E-4D98-A552-CDDDB9B1BED0}.Release|Any CPU.Build.0 = Release|Any CPU
	EndGlobalSection
	GlobalSection(SolutionProperties) = preSolution
		HideSolutionNode = FALSE
	EndGlobalSection
	GlobalSection(ExtensibilityGlobals) = postSolution
		SolutionGuid = {B7BBBD7D-F06E-4754-9B2D-5BEA8CEE197E}
	EndGlobalSection
EndGlobal
