
Microsoft Visual Studio Solution File, Format Version 12.00
# Visual Studio Version 17
VisualStudioVersion = 17.14.37216.2 d17.14
MinimumVisualStudioVersion = 10.0.40219.1
Project("{FAE04EC0-301F-11D3-BF4B-00C04F79EFBC}") = "OrderManagement", "OrderManagement\OrderManagement.csproj", "{7B1EC431-273F-4C04-B776-9E8684E1CD55}"
EndProject
Global
	GlobalSection(SolutionConfigurationPlatforms) = preSolution
		Debug|Any CPU = Debug|Any CPU
		Release|Any CPU = Release|Any CPU
	EndGlobalSection
	GlobalSection(ProjectConfigurationPlatforms) = postSolution
		{7B1EC431-273F-4C04-B776-9E8684E1CD55}.Debug|Any CPU.ActiveCfg = Debug|Any CPU
		{7B1EC431-273F-4C04-B776-9E8684E1CD55}.Debug|Any CPU.Build.0 = Debug|Any CPU
		{7B1EC431-273F-4C04-B776-9E8684E1CD55}.Release|Any CPU.ActiveCfg = Release|Any CPU
		{7B1EC431-273F-4C04-B776-9E8684E1CD55}.Release|Any CPU.Build.0 = Release|Any CPU
	EndGlobalSection
	GlobalSection(SolutionProperties) = preSolution
		HideSolutionNode = FALSE
	EndGlobalSection
	GlobalSection(ExtensibilityGlobals) = postSolution
		SolutionGuid = {12A9FB60-4F17-45BA-8241-AF90ECA258F0}
	EndGlobalSection
EndGlobal
