
Microsoft Visual Studio Solution File, Format Version 12.00
# Visual Studio Version 17
VisualStudioVersion = 17.14.37216.2 d17.14
MinimumVisualStudioVersion = 10.0.40219.1
Project("{FAE04EC0-301F-11D3-BF4B-00C04F79EFBC}") = "EncapsulationStudentClass", "EncapsulationStudentClass\EncapsulationStudentClass.csproj", "{E17C598B-B63A-4B61-A7F0-80CAB60663B7}"
EndProject
Global
	GlobalSection(SolutionConfigurationPlatforms) = preSolution
		Debug|Any CPU = Debug|Any CPU
		Release|Any CPU = Release|Any CPU
	EndGlobalSection
	GlobalSection(ProjectConfigurationPlatforms) = postSolution
		{E17C598B-B63A-4B61-A7F0-80CAB60663B7}.Debug|Any CPU.ActiveCfg = Debug|Any CPU
		{E17C598B-B63A-4B61-A7F0-80CAB60663B7}.Debug|Any CPU.Build.0 = Debug|Any CPU
		{E17C598B-B63A-4B61-A7F0-80CAB60663B7}.Release|Any CPU.ActiveCfg = Release|Any CPU
		{E17C598B-B63A-4B61-A7F0-80CAB60663B7}.Release|Any CPU.Build.0 = Release|Any CPU
	EndGlobalSection
	GlobalSection(SolutionProperties) = preSolution
		HideSolutionNode = FALSE
	EndGlobalSection
	GlobalSection(ExtensibilityGlobals) = postSolution
		SolutionGuid = {6A5F7447-B794-4486-811C-FDB0FD2B6A98}
	EndGlobalSection
EndGlobal
