
Microsoft Visual Studio Solution File, Format Version 12.00
# Visual Studio Version 17
VisualStudioVersion = 17.14.37216.2 d17.14
MinimumVisualStudioVersion = 10.0.40219.1
Project("{FAE04EC0-301F-11D3-BF4B-00C04F79EFBC}") = "Armstrong2", "Armstrong2\Armstrong2.csproj", "{80E4E056-22AE-40AA-842A-0DBA561E01DB}"
EndProject
Global
	GlobalSection(SolutionConfigurationPlatforms) = preSolution
		Debug|Any CPU = Debug|Any CPU
		Release|Any CPU = Release|Any CPU
	EndGlobalSection
	GlobalSection(ProjectConfigurationPlatforms) = postSolution
		{80E4E056-22AE-40AA-842A-0DBA561E01DB}.Debug|Any CPU.ActiveCfg = Debug|Any CPU
		{80E4E056-22AE-40AA-842A-0DBA561E01DB}.Debug|Any CPU.Build.0 = Debug|Any CPU
		{80E4E056-22AE-40AA-842A-0DBA561E01DB}.Release|Any CPU.ActiveCfg = Release|Any CPU
		{80E4E056-22AE-40AA-842A-0DBA561E01DB}.Release|Any CPU.Build.0 = Release|Any CPU
	EndGlobalSection
	GlobalSection(SolutionProperties) = preSolution
		HideSolutionNode = FALSE
	EndGlobalSection
	GlobalSection(ExtensibilityGlobals) = postSolution
		SolutionGuid = {59F228C4-6747-478C-967C-D98BFA3040F0}
	EndGlobalSection
EndGlobal
