
Microsoft Visual Studio Solution File, Format Version 12.00
# Visual Studio Version 17
VisualStudioVersion = 17.14.37216.2 d17.14
MinimumVisualStudioVersion = 10.0.40219.1
Project("{FAE04EC0-301F-11D3-BF4B-00C04F79EFBC}") = "PolymorphismExample", "PolymorphismExample\PolymorphismExample.csproj", "{7A7BFE3B-96B2-4987-BA74-2CB5CF08767B}"
EndProject
Global
	GlobalSection(SolutionConfigurationPlatforms) = preSolution
		Debug|Any CPU = Debug|Any CPU
		Release|Any CPU = Release|Any CPU
	EndGlobalSection
	GlobalSection(ProjectConfigurationPlatforms) = postSolution
		{7A7BFE3B-96B2-4987-BA74-2CB5CF08767B}.Debug|Any CPU.ActiveCfg = Debug|Any CPU
		{7A7BFE3B-96B2-4987-BA74-2CB5CF08767B}.Debug|Any CPU.Build.0 = Debug|Any CPU
		{7A7BFE3B-96B2-4987-BA74-2CB5CF08767B}.Release|Any CPU.ActiveCfg = Release|Any CPU
		{7A7BFE3B-96B2-4987-BA74-2CB5CF08767B}.Release|Any CPU.Build.0 = Release|Any CPU
	EndGlobalSection
	GlobalSection(SolutionProperties) = preSolution
		HideSolutionNode = FALSE
	EndGlobalSection
	GlobalSection(ExtensibilityGlobals) = postSolution
		SolutionGuid = {555030E1-046F-47A6-BC14-C5EF2E884DD9}
	EndGlobalSection
EndGlobal
