
Microsoft Visual Studio Solution File, Format Version 12.00
# Visual Studio Version 17
VisualStudioVersion = 17.14.37216.2 d17.14
MinimumVisualStudioVersion = 10.0.40219.1
Project("{FAE04EC0-301F-11D3-BF4B-00C04F79EFBC}") = "ConstKeywordExample", "ConstKeywordExample\ConstKeywordExample.csproj", "{B56FB0F5-D5AA-417B-B4D8-D4A12B9C6F04}"
EndProject
Global
	GlobalSection(SolutionConfigurationPlatforms) = preSolution
		Debug|Any CPU = Debug|Any CPU
		Release|Any CPU = Release|Any CPU
	EndGlobalSection
	GlobalSection(ProjectConfigurationPlatforms) = postSolution
		{B56FB0F5-D5AA-417B-B4D8-D4A12B9C6F04}.Debug|Any CPU.ActiveCfg = Debug|Any CPU
		{B56FB0F5-D5AA-417B-B4D8-D4A12B9C6F04}.Debug|Any CPU.Build.0 = Debug|Any CPU
		{B56FB0F5-D5AA-417B-B4D8-D4A12B9C6F04}.Release|Any CPU.ActiveCfg = Release|Any CPU
		{B56FB0F5-D5AA-417B-B4D8-D4A12B9C6F04}.Release|Any CPU.Build.0 = Release|Any CPU
	EndGlobalSection
	GlobalSection(SolutionProperties) = preSolution
		HideSolutionNode = FALSE
	EndGlobalSection
	GlobalSection(ExtensibilityGlobals) = postSolution
		SolutionGuid = {95E35222-88A8-40A8-837E-9AF0C9C4C874}
	EndGlobalSection
EndGlobal
