
Microsoft Visual Studio Solution File, Format Version 12.00
# Visual Studio Version 17
VisualStudioVersion = 17.14.37216.2 d17.14
MinimumVisualStudioVersion = 10.0.40219.1
Project("{FAE04EC0-301F-11D3-BF4B-00C04F79EFBC}") = "NestedLoop", "NestedLoop\NestedLoop.csproj", "{AAE1E43C-2A7D-4EF8-B132-9D5EBAFB9D1A}"
EndProject
Global
	GlobalSection(SolutionConfigurationPlatforms) = preSolution
		Debug|Any CPU = Debug|Any CPU
		Release|Any CPU = Release|Any CPU
	EndGlobalSection
	GlobalSection(ProjectConfigurationPlatforms) = postSolution
		{AAE1E43C-2A7D-4EF8-B132-9D5EBAFB9D1A}.Debug|Any CPU.ActiveCfg = Debug|Any CPU
		{AAE1E43C-2A7D-4EF8-B132-9D5EBAFB9D1A}.Debug|Any CPU.Build.0 = Debug|Any CPU
		{AAE1E43C-2A7D-4EF8-B132-9D5EBAFB9D1A}.Release|Any CPU.ActiveCfg = Release|Any CPU
		{AAE1E43C-2A7D-4EF8-B132-9D5EBAFB9D1A}.Release|Any CPU.Build.0 = Release|Any CPU
	EndGlobalSection
	GlobalSection(SolutionProperties) = preSolution
		HideSolutionNode = FALSE
	EndGlobalSection
	GlobalSection(ExtensibilityGlobals) = postSolution
		SolutionGuid = {7866D414-11FD-4A15-9166-72C812814AFD}
	EndGlobalSection
EndGlobal
