
Microsoft Visual Studio Solution File, Format Version 12.00
# Visual Studio Version 17
VisualStudioVersion = 17.14.37216.2 d17.14
MinimumVisualStudioVersion = 10.0.40219.1
Project("{FAE04EC0-301F-11D3-BF4B-00C04F79EFBC}") = "BankAccountEncapsulation", "BankAccountEncapsulation\BankAccountEncapsulation.csproj", "{D638312F-AA91-4F73-B23E-B5E330AE48F6}"
EndProject
Global
	GlobalSection(SolutionConfigurationPlatforms) = preSolution
		Debug|Any CPU = Debug|Any CPU
		Release|Any CPU = Release|Any CPU
	EndGlobalSection
	GlobalSection(ProjectConfigurationPlatforms) = postSolution
		{D638312F-AA91-4F73-B23E-B5E330AE48F6}.Debug|Any CPU.ActiveCfg = Debug|Any CPU
		{D638312F-AA91-4F73-B23E-B5E330AE48F6}.Debug|Any CPU.Build.0 = Debug|Any CPU
		{D638312F-AA91-4F73-B23E-B5E330AE48F6}.Release|Any CPU.ActiveCfg = Release|Any CPU
		{D638312F-AA91-4F73-B23E-B5E330AE48F6}.Release|Any CPU.Build.0 = Release|Any CPU
	EndGlobalSection
	GlobalSection(SolutionProperties) = preSolution
		HideSolutionNode = FALSE
	EndGlobalSection
	GlobalSection(ExtensibilityGlobals) = postSolution
		SolutionGuid = {2A19370A-4913-4267-B1EA-81F1FEE303F3}
	EndGlobalSection
EndGlobal
