
Microsoft Visual Studio Solution File, Format Version 12.00
# Visual Studio Version 17
VisualStudioVersion = 17.14.37216.2 d17.14
MinimumVisualStudioVersion = 10.0.40219.1
Project("{FAE04EC0-301F-11D3-BF4B-00C04F79EFBC}") = "StaticConstExample", "StaticConstExample\StaticConstExample.csproj", "{AA2C499F-7422-4164-94B6-BFCB535F7E99}"
EndProject
Global
	GlobalSection(SolutionConfigurationPlatforms) = preSolution
		Debug|Any CPU = Debug|Any CPU
		Release|Any CPU = Release|Any CPU
	EndGlobalSection
	GlobalSection(ProjectConfigurationPlatforms) = postSolution
		{AA2C499F-7422-4164-94B6-BFCB535F7E99}.Debug|Any CPU.ActiveCfg = Debug|Any CPU
		{AA2C499F-7422-4164-94B6-BFCB535F7E99}.Debug|Any CPU.Build.0 = Debug|Any CPU
		{AA2C499F-7422-4164-94B6-BFCB535F7E99}.Release|Any CPU.ActiveCfg = Release|Any CPU
		{AA2C499F-7422-4164-94B6-BFCB535F7E99}.Release|Any CPU.Build.0 = Release|Any CPU
	EndGlobalSection
	GlobalSection(SolutionProperties) = preSolution
		HideSolutionNode = FALSE
	EndGlobalSection
	GlobalSection(ExtensibilityGlobals) = postSolution
		SolutionGuid = {59E869A8-A420-4AD1-A4E4-E42CF4857CAC}
	EndGlobalSection
EndGlobal
