
Microsoft Visual Studio Solution File, Format Version 12.00
# Visual Studio Version 17
VisualStudioVersion = 17.14.37216.2 d17.14
MinimumVisualStudioVersion = 10.0.40219.1
Project("{FAE04EC0-301F-11D3-BF4B-00C04F79EFBC}") = "StaticCtorExample", "StaticCtorExample\StaticCtorExample.csproj", "{F955B4F1-1282-4CF5-94B5-DFA89A4F7FF8}"
EndProject
Global
	GlobalSection(SolutionConfigurationPlatforms) = preSolution
		Debug|Any CPU = Debug|Any CPU
		Release|Any CPU = Release|Any CPU
	EndGlobalSection
	GlobalSection(ProjectConfigurationPlatforms) = postSolution
		{F955B4F1-1282-4CF5-94B5-DFA89A4F7FF8}.Debug|Any CPU.ActiveCfg = Debug|Any CPU
		{F955B4F1-1282-4CF5-94B5-DFA89A4F7FF8}.Debug|Any CPU.Build.0 = Debug|Any CPU
		{F955B4F1-1282-4CF5-94B5-DFA89A4F7FF8}.Release|Any CPU.ActiveCfg = Release|Any CPU
		{F955B4F1-1282-4CF5-94B5-DFA89A4F7FF8}.Release|Any CPU.Build.0 = Release|Any CPU
	EndGlobalSection
	GlobalSection(SolutionProperties) = preSolution
		HideSolutionNode = FALSE
	EndGlobalSection
	GlobalSection(ExtensibilityGlobals) = postSolution
		SolutionGuid = {115AEF61-ABE8-40AB-A2CC-71329344CC4C}
	EndGlobalSection
EndGlobal
